
Microsoft Visual Studio Solution File, Format Version 12.00
# Visual Studio 15
VisualStudioVersion = 15.0.27703.2042
MinimumVisualStudioVersion = 10.0.40219.1
Project("{FAE04EC0-301F-11D3-BF4B-00C04F79EFBC}") = "hotels", "hotels\hotels.csproj", "{6A1900E6-99F2-438E-B659-ECF7209350CC}"
EndProject
Global
	GlobalSection(SolutionConfigurationPlatforms) = preSolution
		Debug|Any CPU = Debug|Any CPU
		Release|Any CPU = Release|Any CPU
	EndGlobalSection
	GlobalSection(ProjectConfigurationPlatforms) = postSolution
		{6A1900E6-99F2-438E-B659-ECF7209350CC}.Debug|Any CPU.ActiveCfg = Debug|Any CPU
		{6A1900E6-99F2-438E-B659-ECF7209350CC}.Debug|Any CPU.Build.0 = Debug|Any CPU
		{6A1900E6-99F2-438E-B659-ECF7209350CC}.Release|Any CPU.ActiveCfg = Release|Any CPU
		{6A1900E6-99F2-438E-B659-ECF7209350CC}.Release|Any CPU.Build.0 = Release|Any CPU
	EndGlobalSection
	GlobalSection(SolutionProperties) = preSolution
		HideSolutionNode = FALSE
	EndGlobalSection
	GlobalSection(ExtensibilityGlobals) = postSolution
		SolutionGuid = {EB352C6E-C4CD-4BFB-8D64-2B1AC1DCD78C}
	EndGlobalSection
EndGlobal
